
Microsoft Visual Studio Solution File, Format Version 12.00
# Visual Studio Version 16
VisualStudioVersion = 16.0.32510.428
MinimumVisualStudioVersion = 10.0.40219.1
Project("{FAE04EC0-301F-11D3-BF4B-00C04F79EFBC}") = "WebApplication1", "WebApplication1\WebApplication1.csproj", "{46D4034F-4BA7-418B-9227-EAE01AE8FC5A}"
EndProject
Project("{FAE04EC0-301F-11D3-BF4B-00C04F79EFBC}") = "TestProject1", "TestProject1\TestProject1.csproj", "{AB98B651-F709-43FF-B01B-2034CD01D475}"
EndProject
Global
	GlobalSection(SolutionConfigurationPlatforms) = preSolution
		Debug|Any CPU = Debug|Any CPU
		Release|Any CPU = Release|Any CPU
	EndGlobalSection
	GlobalSection(ProjectConfigurationPlatforms) = postSolution
		{46D4034F-4BA7-418B-9227-EAE01AE8FC5A}.Debug|Any CPU.ActiveCfg = Debug|Any CPU
		{46D4034F-4BA7-418B-9227-EAE01AE8FC5A}.Debug|Any CPU.Build.0 = Debug|Any CPU
		{46D4034F-4BA7-418B-9227-EAE01AE8FC5A}.Release|Any CPU.ActiveCfg = Release|Any CPU
		{46D4034F-4BA7-418B-9227-EAE01AE8FC5A}.Release|Any CPU.Build.0 = Release|Any CPU
		{AB98B651-F709-43FF-B01B-2034CD01D475}.Debug|Any CPU.ActiveCfg = Debug|Any CPU
		{AB98B651-F709-43FF-B01B-2034CD01D475}.Debug|Any CPU.Build.0 = Debug|Any CPU
		{AB98B651-F709-43FF-B01B-2034CD01D475}.Release|Any CPU.ActiveCfg = Release|Any CPU
		{AB98B651-F709-43FF-B01B-2034CD01D475}.Release|Any CPU.Build.0 = Release|Any CPU
	EndGlobalSection
	GlobalSection(SolutionProperties) = preSolution
		HideSolutionNode = FALSE
	EndGlobalSection
	GlobalSection(ExtensibilityGlobals) = postSolution
		SolutionGuid = {A07AB6FE-DB68-482F-9F8D-13142CE6D1EA}
	EndGlobalSection
EndGlobal
